
Microsoft Visual Studio Solution File, Format Version 12.00
Project("{FAE04EC0-301F-11D3-BF4B-00C04F79EFBC}") = "sbot", "sbot\sbot.csproj", "{3EB43BEE-65E8-46BE-BBAA-B49C4C1BC245}"
EndProject
Project("{FAE04EC0-301F-11D3-BF4B-00C04F79EFBC}") = "extensions", "extensions\extensions.csproj", "{C82410FC-3844-4384-9A59-24378EF1488D}"
EndProject
Global
	GlobalSection(SolutionConfigurationPlatforms) = preSolution
		Debug|Any CPU = Debug|Any CPU
		Release|Any CPU = Release|Any CPU
	EndGlobalSection
	GlobalSection(ProjectConfigurationPlatforms) = postSolution
		{3EB43BEE-65E8-46BE-BBAA-B49C4C1BC245}.Debug|Any CPU.ActiveCfg = Debug|Any CPU
		{3EB43BEE-65E8-46BE-BBAA-B49C4C1BC245}.Debug|Any CPU.Build.0 = Debug|Any CPU
		{3EB43BEE-65E8-46BE-BBAA-B49C4C1BC245}.Release|Any CPU.ActiveCfg = Release|Any CPU
		{3EB43BEE-65E8-46BE-BBAA-B49C4C1BC245}.Release|Any CPU.Build.0 = Release|Any CPU
		{C82410FC-3844-4384-9A59-24378EF1488D}.Debug|Any CPU.ActiveCfg = Debug|Any CPU
		{C82410FC-3844-4384-9A59-24378EF1488D}.Debug|Any CPU.Build.0 = Debug|Any CPU
		{C82410FC-3844-4384-9A59-24378EF1488D}.Release|Any CPU.ActiveCfg = Release|Any CPU
		{C82410FC-3844-4384-9A59-24378EF1488D}.Release|Any CPU.Build.0 = Release|Any CPU
	EndGlobalSection
EndGlobal
